<?xml version="1.0" encoding="utf-8"?>
<Project ToolsVersion="4.0" xmlns="http://schemas.microsoft.com/developer/msbuild/2003">
  <ItemGroup>
    <Filter Include="소스 파일">
      <UniqueIdentifier>{4FC737F1-C7A5-4376-A066-2A32D752A2FF}</UniqueIdentifier>
      <Extensions>cpp;c;cc;cxx;c++;cppm;ixx;def;odl;idl;hpj;bat;asm;asmx</Extensions>
    </Filter>
    <Filter Include="헤더 파일">
      <UniqueIdentifier>{93995380-89BD-4b04-88EB-625FBE52EBFB}</UniqueIdentifier>
      <Extensions>h;hh;hpp;hxx;h++;hm;inl;inc;ipp;xsd</Extensions>
    </Filter>
    <Filter Include="리소스 파일">
      <UniqueIdentifier>{67DA6AB6-F800-4c08-8B7A-83BB121AAD01}</UniqueIdentifier>
      <Extensions>rc;ico;cur;bmp;dlg;rc2;rct;bin;rgs;gif;jpg;jpeg;jpe;resx;tiff;tif;png;wav;mfcribbon-ms</Extensions>
    </Filter>
    <Filter Include="MainGame">
      <UniqueIdentifier>{78ae5cc5-1727-4997-a75e-3848f97d38e0}</UniqueIdentifier>
    </Filter>
    <Filter Include="PCH">
      <UniqueIdentifier>{bb00e869-b643-4aa5-b4db-809695e6fb59}</UniqueIdentifier>
    </Filter>
    <Filter Include="Obj">
      <UniqueIdentifier>{5ab7071d-04fd-4259-9bea-7043f06306ce}</UniqueIdentifier>
    </Filter>
    <Filter Include="Obj\Player">
      <UniqueIdentifier>{3115a566-8d97-4e24-ab0e-e6982740bcb4}</UniqueIdentifier>
    </Filter>
    <Filter Include="Obj\Bullet">
      <UniqueIdentifier>{92cc1793-008f-4bb4-8a9b-45cbe082c9aa}</UniqueIdentifier>
    </Filter>
    <Filter Include="Obj\Monster">
      <UniqueIdentifier>{cb2bab69-8a8f-4669-8e73-0788d4a2ed7b}</UniqueIdentifier>
    </Filter>
  </ItemGroup>
  <ItemGroup>
    <ClInclude Include="framework.h">
      <Filter>헤더 파일</Filter>
    </ClInclude>
    <ClInclude Include="targetver.h">
      <Filter>헤더 파일</Filter>
    </ClInclude>
    <ClInclude Include="Resource.h">
      <Filter>헤더 파일</Filter>
    </ClInclude>
    <ClInclude Include="WinApi_0310_.h">
      <Filter>헤더 파일</Filter>
    </ClInclude>
    <ClInclude Include="stdafx.h">
      <Filter>PCH</Filter>
    </ClInclude>
    <ClInclude Include="CObj.h">
      <Filter>Obj</Filter>
    </ClInclude>
    <ClInclude Include="CBullet.h">
      <Filter>Obj\Bullet</Filter>
    </ClInclude>
    <ClInclude Include="CPlayer.h">
      <Filter>Obj\Player</Filter>
    </ClInclude>
    <ClInclude Include="CMainGame.h">
      <Filter>MainGame</Filter>
    </ClInclude>
    <ClInclude Include="CMonster.h">
      <Filter>Obj\Monster</Filter>
    </ClInclude>
    <ClInclude Include="Define.h">
      <Filter>헤더 파일</Filter>
    </ClInclude>
    <ClInclude Include="Struct.h">
      <Filter>헤더 파일</Filter>
    </ClInclude>
    <ClInclude Include="Enum.h">
      <Filter>헤더 파일</Filter>
    </ClInclude>
    <ClInclude Include="Functor.h">
      <Filter>헤더 파일</Filter>
    </ClInclude>
    <ClInclude Include="Include.h">
      <Filter>헤더 파일</Filter>
    </ClInclude>
    <ClInclude Include="AbstractFactory.h">
      <Filter>헤더 파일</Filter>
    </ClInclude>
  </ItemGroup>
  <ItemGroup>
    <ClCompile Include="WinApi_0310_.cpp">
      <Filter>소스 파일</Filter>
    </ClCompile>
    <ClCompile Include="stdafx.cpp">
      <Filter>PCH</Filter>
    </ClCompile>
    <ClCompile Include="CObj.cpp">
      <Filter>Obj</Filter>
    </ClCompile>
    <ClCompile Include="CPlayer.cpp">
      <Filter>Obj\Player</Filter>
    </ClCompile>
    <ClCompile Include="CMainGame.cpp">
      <Filter>MainGame</Filter>
    </ClCompile>
    <ClCompile Include="CMonster.cpp">
      <Filter>Obj\Monster</Filter>
    </ClCompile>
    <ClCompile Include="CBullet.cpp">
      <Filter>Obj\Bullet</Filter>
    </ClCompile>
  </ItemGroup>
  <ItemGroup>
    <ResourceCompile Include="WinApi_0310_.rc">
      <Filter>리소스 파일</Filter>
    </ResourceCompile>
  </ItemGroup>
  <ItemGroup>
    <Image Include="small.ico">
      <Filter>리소스 파일</Filter>
    </Image>
    <Image Include="WinApi_0310_.ico">
      <Filter>리소스 파일</Filter>
    </Image>
  </ItemGroup>
</Project>