<?xml version="1.0" encoding="utf-8"?>
<Project ToolsVersion="4.0" xmlns="http://schemas.microsoft.com/developer/msbuild/2003">
  <ItemGroup>
    <Filter Include="소스 파일">
      <UniqueIdentifier>{4FC737F1-C7A5-4376-A066-2A32D752A2FF}</UniqueIdentifier>
      <Extensions>cpp;c;cc;cxx;c++;cppm;ixx;def;odl;idl;hpj;bat;asm;asmx</Extensions>
    </Filter>
    <Filter Include="헤더 파일">
      <UniqueIdentifier>{93995380-89BD-4b04-88EB-625FBE52EBFB}</UniqueIdentifier>
      <Extensions>h;hh;hpp;hxx;h++;hm;inl;inc;ipp;xsd</Extensions>
    </Filter>
    <Filter Include="리소스 파일">
      <UniqueIdentifier>{67DA6AB6-F800-4c08-8B7A-83BB121AAD01}</UniqueIdentifier>
      <Extensions>rc;ico;cur;bmp;dlg;rc2;rct;bin;rgs;gif;jpg;jpeg;jpe;resx;tiff;tif;png;wav;mfcribbon-ms</Extensions>
    </Filter>
    <Filter Include="PCH">
      <UniqueIdentifier>{d2a771ea-242a-4642-87e1-47a1130fb249}</UniqueIdentifier>
    </Filter>
    <Filter Include="Obj">
      <UniqueIdentifier>{b2ad5f10-0067-45cd-bfcb-7db0a9939a55}</UniqueIdentifier>
    </Filter>
    <Filter Include="MainGame">
      <UniqueIdentifier>{e5001aa5-bf30-4c22-9044-9b1acfc18ecf}</UniqueIdentifier>
    </Filter>
    <Filter Include="Design">
      <UniqueIdentifier>{bc29cbce-12c6-40b3-ad88-cb69095e813b}</UniqueIdentifier>
    </Filter>
    <Filter Include="Header">
      <UniqueIdentifier>{675f3d79-6579-4cc7-a420-132346d8e5cc}</UniqueIdentifier>
    </Filter>
    <Filter Include="Obj\Bullet">
      <UniqueIdentifier>{ef879a3c-71b3-4b20-aed8-9baf2569c354}</UniqueIdentifier>
    </Filter>
    <Filter Include="Obj\Monster">
      <UniqueIdentifier>{faf64f57-a644-4b86-976a-050b25f9a6ca}</UniqueIdentifier>
    </Filter>
    <Filter Include="Obj\Player">
      <UniqueIdentifier>{4271b1b6-e908-47fe-849a-0554909e30c4}</UniqueIdentifier>
    </Filter>
    <Filter Include="Design\ObjMgr %28for Singleton%29">
      <UniqueIdentifier>{b7f95b18-31bc-46e9-b0ec-ccaa9b939ada}</UniqueIdentifier>
    </Filter>
    <Filter Include="Header\Vector">
      <UniqueIdentifier>{f5ac7cb0-8d18-46b7-8bbf-a556710cfa8e}</UniqueIdentifier>
    </Filter>
    <Filter Include="Design\LineMgr %28for Singleton%29">
      <UniqueIdentifier>{6aa3b56b-8de2-43c6-b766-976960ea45b7}</UniqueIdentifier>
    </Filter>
    <Filter Include="Line">
      <UniqueIdentifier>{430b9eb5-c397-44f0-bfe6-1561f6dba95e}</UniqueIdentifier>
    </Filter>
  </ItemGroup>
  <ItemGroup>
    <ClInclude Include="framework.h">
      <Filter>헤더 파일</Filter>
    </ClInclude>
    <ClInclude Include="targetver.h">
      <Filter>헤더 파일</Filter>
    </ClInclude>
    <ClInclude Include="Resource.h">
      <Filter>헤더 파일</Filter>
    </ClInclude>
    <ClInclude Include="WindowProject_0317_0319.h">
      <Filter>헤더 파일</Filter>
    </ClInclude>
    <ClInclude Include="CBullet.h">
      <Filter>Obj\Bullet</Filter>
    </ClInclude>
    <ClInclude Include="CMainGame.h">
      <Filter>MainGame</Filter>
    </ClInclude>
    <ClInclude Include="CMonster.h">
      <Filter>Obj\Monster</Filter>
    </ClInclude>
    <ClInclude Include="CPlayer.h">
      <Filter>Obj\Player</Filter>
    </ClInclude>
    <ClInclude Include="CObj.h">
      <Filter>Obj</Filter>
    </ClInclude>
    <ClInclude Include="stdafx.h">
      <Filter>PCH</Filter>
    </ClInclude>
    <ClInclude Include="Include.h">
      <Filter>Header</Filter>
    </ClInclude>
    <ClInclude Include="Define.h">
      <Filter>Header</Filter>
    </ClInclude>
    <ClInclude Include="Enum.h">
      <Filter>Header</Filter>
    </ClInclude>
    <ClInclude Include="Functor.h">
      <Filter>Header</Filter>
    </ClInclude>
    <ClInclude Include="AbstractFactory.h">
      <Filter>Design</Filter>
    </ClInclude>
    <ClInclude Include="Struct.h">
      <Filter>Header</Filter>
    </ClInclude>
    <ClInclude Include="CObjMgr.h">
      <Filter>Design\ObjMgr %28for Singleton%29</Filter>
    </ClInclude>
    <ClInclude Include="Vector2.h">
      <Filter>Header\Vector</Filter>
    </ClInclude>
    <ClInclude Include="CLineMgr.h">
      <Filter>Design\LineMgr %28for Singleton%29</Filter>
    </ClInclude>
    <ClInclude Include="CLine.h">
      <Filter>Line</Filter>
    </ClInclude>
  </ItemGroup>
  <ItemGroup>
    <ClCompile Include="WindowProject_0317_0319.cpp">
      <Filter>소스 파일</Filter>
    </ClCompile>
    <ClCompile Include="CBullet.cpp">
      <Filter>Obj\Bullet</Filter>
    </ClCompile>
    <ClCompile Include="CMainGame.cpp">
      <Filter>MainGame</Filter>
    </ClCompile>
    <ClCompile Include="CMonster.cpp">
      <Filter>Obj\Monster</Filter>
    </ClCompile>
    <ClCompile Include="CPlayer.cpp">
      <Filter>Obj\Player</Filter>
    </ClCompile>
    <ClCompile Include="CObj.cpp">
      <Filter>Obj</Filter>
    </ClCompile>
    <ClCompile Include="stdafx.cpp">
      <Filter>PCH</Filter>
    </ClCompile>
    <ClCompile Include="CObjMgr.cpp">
      <Filter>Design\ObjMgr %28for Singleton%29</Filter>
    </ClCompile>
    <ClCompile Include="Vector2.cpp">
      <Filter>Header\Vector</Filter>
    </ClCompile>
    <ClCompile Include="CLineMgr.cpp">
      <Filter>Design\LineMgr %28for Singleton%29</Filter>
    </ClCompile>
    <ClCompile Include="CLine.cpp">
      <Filter>Line</Filter>
    </ClCompile>
  </ItemGroup>
  <ItemGroup>
    <ResourceCompile Include="WindowProject_0317_0319.rc">
      <Filter>리소스 파일</Filter>
    </ResourceCompile>
  </ItemGroup>
  <ItemGroup>
    <Image Include="small.ico">
      <Filter>리소스 파일</Filter>
    </Image>
    <Image Include="WindowProject_0317_0319.ico">
      <Filter>리소스 파일</Filter>
    </Image>
  </ItemGroup>
</Project>