<?xml version="1.0" encoding="utf-8"?>
<Project ToolsVersion="4.0" xmlns="http://schemas.microsoft.com/developer/msbuild/2003">
  <ItemGroup>
    <Filter Include="소스 파일">
      <UniqueIdentifier>{4FC737F1-C7A5-4376-A066-2A32D752A2FF}</UniqueIdentifier>
      <Extensions>cpp;c;cc;cxx;c++;cppm;ixx;def;odl;idl;hpj;bat;asm;asmx</Extensions>
    </Filter>
    <Filter Include="헤더 파일">
      <UniqueIdentifier>{93995380-89BD-4b04-88EB-625FBE52EBFB}</UniqueIdentifier>
      <Extensions>h;hh;hpp;hxx;h++;hm;inl;inc;ipp;xsd</Extensions>
    </Filter>
    <Filter Include="리소스 파일">
      <UniqueIdentifier>{67DA6AB6-F800-4c08-8B7A-83BB121AAD01}</UniqueIdentifier>
      <Extensions>rc;ico;cur;bmp;dlg;rc2;rct;bin;rgs;gif;jpg;jpeg;jpe;resx;tiff;tif;png;wav;mfcribbon-ms</Extensions>
    </Filter>
    <Filter Include="Obj">
      <UniqueIdentifier>{46a05473-1bcb-47b7-8406-728d753c06eb}</UniqueIdentifier>
    </Filter>
    <Filter Include="Obj\Player">
      <UniqueIdentifier>{66ce477b-9a4a-4a80-8d3c-783225c4c306}</UniqueIdentifier>
    </Filter>
    <Filter Include="Obj\Bullet">
      <UniqueIdentifier>{10d67409-f5e1-45c0-bbd0-2deffaa3f4d6}</UniqueIdentifier>
    </Filter>
    <Filter Include="PCH">
      <UniqueIdentifier>{a19f36da-3e64-4ea6-9aec-bead7ea600b8}</UniqueIdentifier>
    </Filter>
    <Filter Include="MainGame">
      <UniqueIdentifier>{c8b5c7df-b8ac-4d59-8677-1e2d14583576}</UniqueIdentifier>
    </Filter>
    <Filter Include="Obj\Monster">
      <UniqueIdentifier>{0e4fd777-7086-4ca0-bc82-77b2e25b8ded}</UniqueIdentifier>
    </Filter>
  </ItemGroup>
  <ItemGroup>
    <ClInclude Include="framework.h">
      <Filter>헤더 파일</Filter>
    </ClInclude>
    <ClInclude Include="targetver.h">
      <Filter>헤더 파일</Filter>
    </ClInclude>
    <ClInclude Include="Resource.h">
      <Filter>헤더 파일</Filter>
    </ClInclude>
    <ClInclude Include="WindowProject01.h">
      <Filter>헤더 파일</Filter>
    </ClInclude>
    <ClInclude Include="Define.h">
      <Filter>헤더 파일</Filter>
    </ClInclude>
    <ClInclude Include="Bullet.h">
      <Filter>Obj\Bullet</Filter>
    </ClInclude>
    <ClInclude Include="Player.h">
      <Filter>Obj\Player</Filter>
    </ClInclude>
    <ClInclude Include="Obj.h">
      <Filter>Obj</Filter>
    </ClInclude>
    <ClInclude Include="stdafx.h">
      <Filter>PCH</Filter>
    </ClInclude>
    <ClInclude Include="MainGame.h">
      <Filter>MainGame</Filter>
    </ClInclude>
    <ClInclude Include="Monster.h">
      <Filter>Obj\Monster</Filter>
    </ClInclude>
  </ItemGroup>
  <ItemGroup>
    <ClCompile Include="WindowProject01.cpp">
      <Filter>소스 파일</Filter>
    </ClCompile>
    <ClCompile Include="Bullet.cpp">
      <Filter>Obj\Bullet</Filter>
    </ClCompile>
    <ClCompile Include="Obj.cpp">
      <Filter>Obj</Filter>
    </ClCompile>
    <ClCompile Include="Player.cpp">
      <Filter>Obj\Player</Filter>
    </ClCompile>
    <ClCompile Include="stdafx.cpp">
      <Filter>PCH</Filter>
    </ClCompile>
    <ClCompile Include="MainGame.cpp">
      <Filter>MainGame</Filter>
    </ClCompile>
    <ClCompile Include="Monster.cpp">
      <Filter>Obj\Monster</Filter>
    </ClCompile>
  </ItemGroup>
  <ItemGroup>
    <ResourceCompile Include="WindowProject01.rc">
      <Filter>리소스 파일</Filter>
    </ResourceCompile>
  </ItemGroup>
  <ItemGroup>
    <Image Include="small.ico">
      <Filter>리소스 파일</Filter>
    </Image>
    <Image Include="WindowProject01.ico">
      <Filter>리소스 파일</Filter>
    </Image>
  </ItemGroup>
</Project>