<?xml version="1.0" encoding="utf-8"?>
<Project ToolsVersion="4.0" xmlns="http://schemas.microsoft.com/developer/msbuild/2003">
  <ItemGroup>
    <Filter Include="소스 파일">
      <UniqueIdentifier>{4FC737F1-C7A5-4376-A066-2A32D752A2FF}</UniqueIdentifier>
      <Extensions>cpp;c;cc;cxx;c++;cppm;ixx;def;odl;idl;hpj;bat;asm;asmx</Extensions>
    </Filter>
    <Filter Include="헤더 파일">
      <UniqueIdentifier>{93995380-89BD-4b04-88EB-625FBE52EBFB}</UniqueIdentifier>
      <Extensions>h;hh;hpp;hxx;h++;hm;inl;inc;ipp;xsd</Extensions>
    </Filter>
    <Filter Include="리소스 파일">
      <UniqueIdentifier>{67DA6AB6-F800-4c08-8B7A-83BB121AAD01}</UniqueIdentifier>
      <Extensions>rc;ico;cur;bmp;dlg;rc2;rct;bin;rgs;gif;jpg;jpeg;jpe;resx;tiff;tif;png;wav;mfcribbon-ms</Extensions>
    </Filter>
    <Filter Include="PCH">
      <UniqueIdentifier>{05ef1e87-b4e3-49ce-9414-47a14b3c877f}</UniqueIdentifier>
    </Filter>
    <Filter Include="StudySrc">
      <UniqueIdentifier>{014867f7-248e-49c3-8e3e-696f4610727c}</UniqueIdentifier>
    </Filter>
    <Filter Include="study20230210">
      <UniqueIdentifier>{8a798d45-a333-497d-ba1b-f441423f9283}</UniqueIdentifier>
    </Filter>
  </ItemGroup>
  <ItemGroup>
    <ClCompile Include="class20230207_1.cpp">
      <Filter>소스 파일</Filter>
    </ClCompile>
    <ClCompile Include="stdafx.cpp">
      <Filter>PCH</Filter>
    </ClCompile>
    <ClCompile Include="Main_hw20230207_1.cpp">
      <Filter>소스 파일</Filter>
    </ClCompile>
    <ClCompile Include="hw20230207_1.cpp">
      <Filter>소스 파일</Filter>
    </ClCompile>
    <ClCompile Include="hw20230207_2.cpp">
      <Filter>소스 파일</Filter>
    </ClCompile>
    <ClCompile Include="Main_hw20230207_2.cpp">
      <Filter>소스 파일</Filter>
    </ClCompile>
    <ClCompile Include="study_struct_accessmodifier.cpp">
      <Filter>소스 파일</Filter>
    </ClCompile>
    <ClCompile Include="class20230208.cpp">
      <Filter>소스 파일</Filter>
    </ClCompile>
    <ClCompile Include="..\..\..\..\Users\nimbu\OneDrive\바탕 화면\공부 자료\생성자.cpp">
      <Filter>StudySrc</Filter>
    </ClCompile>
    <ClCompile Include="study_template.cpp">
      <Filter>소스 파일</Filter>
    </ClCompile>
    <ClCompile Include="class20230209.cpp">
      <Filter>소스 파일</Filter>
    </ClCompile>
    <ClCompile Include="study_iterator.cpp">
      <Filter>소스 파일</Filter>
    </ClCompile>
    <ClCompile Include="class20230210.cpp">
      <Filter>소스 파일</Filter>
    </ClCompile>
    <ClCompile Include="CA.cpp">
      <Filter>study20230210</Filter>
    </ClCompile>
    <ClCompile Include="CB.cpp">
      <Filter>study20230210</Filter>
    </ClCompile>
    <ClCompile Include="Main.cpp">
      <Filter>study20230210</Filter>
    </ClCompile>
    <ClCompile Include="study_vector.cpp">
      <Filter>소스 파일</Filter>
    </ClCompile>
    <ClCompile Include="class20230213.cpp">
      <Filter>소스 파일</Filter>
    </ClCompile>
    <ClCompile Include="study_graph.cpp">
      <Filter>소스 파일</Filter>
    </ClCompile>
    <ClCompile Include="AdjacencyList.cpp">
      <Filter>소스 파일</Filter>
    </ClCompile>
    <ClCompile Include="class20230214.cpp">
      <Filter>소스 파일</Filter>
    </ClCompile>
  </ItemGroup>
  <ItemGroup>
    <ClInclude Include="stdafx.h">
      <Filter>PCH</Filter>
    </ClInclude>
    <ClInclude Include="hw20230207_1.h">
      <Filter>헤더 파일</Filter>
    </ClInclude>
    <ClInclude Include="hw20230207_2.h">
      <Filter>헤더 파일</Filter>
    </ClInclude>
    <ClInclude Include="CA.h">
      <Filter>study20230210</Filter>
    </ClInclude>
    <ClInclude Include="CB.h">
      <Filter>study20230210</Filter>
    </ClInclude>
    <ClInclude Include="AdjacencyList.h">
      <Filter>헤더 파일</Filter>
    </ClInclude>
  </ItemGroup>
</Project>