<?xml version="1.0" encoding="utf-8"?>
<Project ToolsVersion="4.0" xmlns="http://schemas.microsoft.com/developer/msbuild/2003">
  <ItemGroup>
    <Filter Include="소스 파일">
      <UniqueIdentifier>{4FC737F1-C7A5-4376-A066-2A32D752A2FF}</UniqueIdentifier>
      <Extensions>cpp;c;cc;cxx;c++;cppm;ixx;def;odl;idl;hpj;bat;asm;asmx</Extensions>
    </Filter>
    <Filter Include="헤더 파일">
      <UniqueIdentifier>{93995380-89BD-4b04-88EB-625FBE52EBFB}</UniqueIdentifier>
      <Extensions>h;hh;hpp;hxx;h++;hm;inl;inc;ipp;xsd</Extensions>
    </Filter>
    <Filter Include="리소스 파일">
      <UniqueIdentifier>{67DA6AB6-F800-4c08-8B7A-83BB121AAD01}</UniqueIdentifier>
      <Extensions>rc;ico;cur;bmp;dlg;rc2;rct;bin;rgs;gif;jpg;jpeg;jpe;resx;tiff;tif;png;wav;mfcribbon-ms</Extensions>
    </Filter>
    <Filter Include="PCH">
      <UniqueIdentifier>{05ef1e87-b4e3-49ce-9414-47a14b3c877f}</UniqueIdentifier>
    </Filter>
    <Filter Include="소스 파일\study_extern">
      <UniqueIdentifier>{74986781-d01c-4e08-babe-342c3b4c8d2b}</UniqueIdentifier>
    </Filter>
    <Filter Include="소스 파일\hw20230223">
      <UniqueIdentifier>{0442efbe-49b5-47fa-88bd-fefea271711a}</UniqueIdentifier>
    </Filter>
    <Filter Include="소스 파일\study_friend">
      <UniqueIdentifier>{7cf6107c-564d-4166-93dd-51f26b9bd6c0}</UniqueIdentifier>
    </Filter>
    <Filter Include="소스 파일\study_상호참조2">
      <UniqueIdentifier>{2ca2f333-e107-4a23-bee9-96f77c8209e5}</UniqueIdentifier>
    </Filter>
    <Filter Include="소스 파일\study_상호참조1">
      <UniqueIdentifier>{90d9575e-7b43-4113-9085-06cea037ce31}</UniqueIdentifier>
    </Filter>
    <Filter Include="소스 파일\study_global_static">
      <UniqueIdentifier>{25441e1a-a6e7-4390-a6ff-8cac00068d7f}</UniqueIdentifier>
    </Filter>
  </ItemGroup>
  <ItemGroup>
    <ClCompile Include="class20230207_1.cpp">
      <Filter>소스 파일</Filter>
    </ClCompile>
    <ClCompile Include="stdafx.cpp">
      <Filter>PCH</Filter>
    </ClCompile>
    <ClCompile Include="Main_hw20230207_1.cpp">
      <Filter>소스 파일</Filter>
    </ClCompile>
    <ClCompile Include="hw20230207_1.cpp">
      <Filter>소스 파일</Filter>
    </ClCompile>
    <ClCompile Include="hw20230207_2.cpp">
      <Filter>소스 파일</Filter>
    </ClCompile>
    <ClCompile Include="Main_hw20230207_2.cpp">
      <Filter>소스 파일</Filter>
    </ClCompile>
    <ClCompile Include="study_struct_accessmodifier.cpp">
      <Filter>소스 파일</Filter>
    </ClCompile>
    <ClCompile Include="class20230208.cpp">
      <Filter>소스 파일</Filter>
    </ClCompile>
    <ClCompile Include="study_template.cpp">
      <Filter>소스 파일</Filter>
    </ClCompile>
    <ClCompile Include="class20230209.cpp">
      <Filter>소스 파일</Filter>
    </ClCompile>
    <ClCompile Include="study_iterator.cpp">
      <Filter>소스 파일</Filter>
    </ClCompile>
    <ClCompile Include="class20230210.cpp">
      <Filter>소스 파일</Filter>
    </ClCompile>
    <ClCompile Include="study_SLT_vector.cpp">
      <Filter>소스 파일</Filter>
    </ClCompile>
    <ClCompile Include="class20230213.cpp">
      <Filter>소스 파일</Filter>
    </ClCompile>
    <ClCompile Include="class20230214.cpp">
      <Filter>소스 파일</Filter>
    </ClCompile>
    <ClCompile Include="study_copyConstructor.cpp">
      <Filter>소스 파일</Filter>
    </ClCompile>
    <ClCompile Include="class20230215.cpp">
      <Filter>소스 파일</Filter>
    </ClCompile>
    <ClCompile Include="study_상속접근제어지시자.cpp">
      <Filter>소스 파일</Filter>
    </ClCompile>
    <ClCompile Include="study_extern_CTest.cpp">
      <Filter>소스 파일\study_extern</Filter>
    </ClCompile>
    <ClCompile Include="study_extern_main.cpp">
      <Filter>소스 파일\study_extern</Filter>
    </ClCompile>
    <ClCompile Include="study_friend.cpp">
      <Filter>소스 파일</Filter>
    </ClCompile>
    <ClCompile Include="class20230216.cpp">
      <Filter>소스 파일</Filter>
    </ClCompile>
    <ClCompile Include="class20230217_casting.cpp">
      <Filter>소스 파일</Filter>
    </ClCompile>
    <ClCompile Include="class20230220.cpp">
      <Filter>소스 파일</Filter>
    </ClCompile>
    <ClCompile Include="hw20230220.cpp">
      <Filter>소스 파일</Filter>
    </ClCompile>
    <ClCompile Include="class20230221_1.cpp">
      <Filter>소스 파일</Filter>
    </ClCompile>
    <ClCompile Include="class20230221_2.cpp">
      <Filter>소스 파일</Filter>
    </ClCompile>
    <ClCompile Include="class20230222.cpp">
      <Filter>소스 파일</Filter>
    </ClCompile>
    <ClCompile Include="class20230223.cpp">
      <Filter>소스 파일</Filter>
    </ClCompile>
    <ClCompile Include="class20230223_2.cpp">
      <Filter>소스 파일</Filter>
    </ClCompile>
    <ClCompile Include="class_vector_function.cpp">
      <Filter>소스 파일</Filter>
    </ClCompile>
    <ClCompile Include="hw20230223_Main.cpp">
      <Filter>소스 파일\hw20230223</Filter>
    </ClCompile>
    <ClCompile Include="GradeCard.cpp">
      <Filter>소스 파일\hw20230223</Filter>
    </ClCompile>
    <ClCompile Include="class20230224.cpp">
      <Filter>소스 파일</Filter>
    </ClCompile>
    <ClCompile Include="class20230227.cpp">
      <Filter>소스 파일</Filter>
    </ClCompile>
    <ClCompile Include="study_casting.cpp">
      <Filter>소스 파일</Filter>
    </ClCompile>
    <ClCompile Include="class20230228_1.cpp">
      <Filter>소스 파일</Filter>
    </ClCompile>
    <ClCompile Include="class20230228_2.cpp">
      <Filter>소스 파일</Filter>
    </ClCompile>
    <ClCompile Include="study_STL_map.cpp">
      <Filter>소스 파일</Filter>
    </ClCompile>
    <ClCompile Include="study_STL_list.cpp">
      <Filter>소스 파일</Filter>
    </ClCompile>
    <ClCompile Include="study_CPP11.cpp">
      <Filter>소스 파일</Filter>
    </ClCompile>
    <ClCompile Include="study_예외처리기법.cpp">
      <Filter>소스 파일</Filter>
    </ClCompile>
    <ClCompile Include="study_STL_altorithm.cpp">
      <Filter>소스 파일</Filter>
    </ClCompile>
    <ClCompile Include="class20230303.cpp">
      <Filter>소스 파일</Filter>
    </ClCompile>
    <ClCompile Include="study_디폴트대입연산자.cpp">
      <Filter>소스 파일</Filter>
    </ClCompile>
    <ClCompile Include="study_복사생성자_얕은복사문제.cpp">
      <Filter>소스 파일</Filter>
    </ClCompile>
    <ClCompile Include="Main_friend.cpp">
      <Filter>소스 파일\study_friend</Filter>
    </ClCompile>
    <ClCompile Include="study_클래스크기.cpp">
      <Filter>소스 파일</Filter>
    </ClCompile>
    <ClCompile Include="study_함수템플릿특수화.cpp">
      <Filter>소스 파일</Filter>
    </ClCompile>
    <ClCompile Include="Main_study상호참조2.cpp">
      <Filter>소스 파일\study_상호참조2</Filter>
    </ClCompile>
    <ClCompile Include="CA.cpp">
      <Filter>소스 파일\study_상호참조1</Filter>
    </ClCompile>
    <ClCompile Include="CB.cpp">
      <Filter>소스 파일\study_상호참조1</Filter>
    </ClCompile>
    <ClCompile Include="Main.cpp">
      <Filter>소스 파일\study_상호참조1</Filter>
    </ClCompile>
    <ClCompile Include="study_extern_2.cpp">
      <Filter>소스 파일\study_global_static</Filter>
    </ClCompile>
    <ClCompile Include="study_extern_1.cpp">
      <Filter>소스 파일\study_global_static</Filter>
    </ClCompile>
    <ClCompile Include="study_클래스템플릿특수화.cpp">
      <Filter>소스 파일</Filter>
    </ClCompile>
    <ClCompile Include="..\..\..\..\Users\nimbu\Downloads\17일차-C++11\230303\c++11.cpp">
      <Filter>소스 파일</Filter>
    </ClCompile>
    <ClCompile Include="..\..\..\..\Users\nimbu\Downloads\17일차-C++11\230303\이동생성자.cpp">
      <Filter>소스 파일</Filter>
    </ClCompile>
  </ItemGroup>
  <ItemGroup>
    <ClInclude Include="stdafx.h">
      <Filter>PCH</Filter>
    </ClInclude>
    <ClInclude Include="hw20230207_1.h">
      <Filter>헤더 파일</Filter>
    </ClInclude>
    <ClInclude Include="hw20230207_2.h">
      <Filter>헤더 파일</Filter>
    </ClInclude>
    <ClInclude Include="study_extern_CTest.h">
      <Filter>소스 파일\study_extern</Filter>
    </ClInclude>
    <ClInclude Include="GradeCard.h">
      <Filter>소스 파일\hw20230223</Filter>
    </ClInclude>
    <ClInclude Include="friend1.h">
      <Filter>소스 파일\study_friend</Filter>
    </ClInclude>
    <ClInclude Include="friend2.h">
      <Filter>소스 파일\study_friend</Filter>
    </ClInclude>
    <ClInclude Include="CTest2.h">
      <Filter>소스 파일\study_상호참조2</Filter>
    </ClInclude>
    <ClInclude Include="CTest1.h">
      <Filter>소스 파일\study_상호참조2</Filter>
    </ClInclude>
    <ClInclude Include="CB.h">
      <Filter>소스 파일\study_상호참조1</Filter>
    </ClInclude>
    <ClInclude Include="CA.h">
      <Filter>소스 파일\study_상호참조1</Filter>
    </ClInclude>
  </ItemGroup>
</Project>