<?xml version="1.0" encoding="utf-8"?>
<Project ToolsVersion="4.0" xmlns="http://schemas.microsoft.com/developer/msbuild/2003">
  <ItemGroup>
    <Filter Include="Source Files">
      <UniqueIdentifier>{4FC737F1-C7A5-4376-A066-2A32D752A2FF}</UniqueIdentifier>
      <Extensions>cpp;c;cc;cxx;def;odl;idl;hpj;bat;asm;asmx</Extensions>
    </Filter>
    <Filter Include="Header Files">
      <UniqueIdentifier>{93995380-89BD-4b04-88EB-625FBE52EBFB}</UniqueIdentifier>
      <Extensions>h;hh;hpp;hxx;hm;inl;inc;xsd</Extensions>
    </Filter>
    <Filter Include="Resource Files">
      <UniqueIdentifier>{67DA6AB6-F800-4c08-8B7A-83BB121AAD01}</UniqueIdentifier>
      <Extensions>rc;ico;cur;bmp;dlg;rc2;rct;bin;rgs;gif;jpg;jpeg;jpe;resx;tiff;tif;png;wav;mfcribbon-ms</Extensions>
    </Filter>
  </ItemGroup>
  <ItemGroup>
    <ClCompile Include="study_56.cpp">
      <Filter>Source Files</Filter>
    </ClCompile>
    <ClCompile Include="study_56_2.cpp">
      <Filter>Source Files</Filter>
    </ClCompile>
    <ClCompile Include="class20230119cpp.cpp">
      <Filter>Source Files</Filter>
    </ClCompile>
    <ClCompile Include="study_staticVariablePlus.cpp">
      <Filter>Source Files</Filter>
    </ClCompile>
    <ClCompile Include="study_57_58.cpp">
      <Filter>Source Files</Filter>
    </ClCompile>
    <ClCompile Include="study_59.cpp">
      <Filter>Source Files</Filter>
    </ClCompile>
    <ClCompile Include="study_60.cpp">
      <Filter>Source Files</Filter>
    </ClCompile>
    <ClCompile Include="class20230120.cpp">
      <Filter>Source Files</Filter>
    </ClCompile>
    <ClCompile Include="class20230125.cpp">
      <Filter>Source Files</Filter>
    </ClCompile>
    <ClCompile Include="class20230131.cpp">
      <Filter>Source Files</Filter>
    </ClCompile>
    <ClCompile Include="study20230131.cpp">
      <Filter>Source Files</Filter>
    </ClCompile>
    <ClCompile Include="..\..\..\..\Users\nimbu\OneDrive\바탕 화면\230131.cpp">
      <Filter>Source Files</Filter>
    </ClCompile>
    <ClCompile Include="..\..\..\..\Users\nimbu\OneDrive\바탕 화면\공부 자료\사용자 정의 자료형.cpp">
      <Filter>Source Files</Filter>
    </ClCompile>
    <ClCompile Include="class20230201.cpp">
      <Filter>Source Files</Filter>
    </ClCompile>
    <ClCompile Include="..\..\..\..\Users\nimbu\OneDrive\바탕 화면\공부 자료\콘솔 입출력 문자 함수.cpp">
      <Filter>Source Files</Filter>
    </ClCompile>
    <ClCompile Include="..\..\..\..\Users\nimbu\OneDrive\바탕 화면\공부 자료\파일 입출력.cpp">
      <Filter>Source Files</Filter>
    </ClCompile>
    <ClCompile Include="..\..\..\..\Users\nimbu\OneDrive\바탕 화면\공부 자료\숙제풀이.cpp">
      <Filter>Source Files</Filter>
    </ClCompile>
    <ClCompile Include="study20230201.cpp">
      <Filter>Source Files</Filter>
    </ClCompile>
    <ClCompile Include="class20230202.cpp">
      <Filter>Source Files</Filter>
    </ClCompile>
  </ItemGroup>
  <ItemGroup>
    <ClInclude Include="study_staticVariablePlus.h">
      <Filter>Header Files</Filter>
    </ClInclude>
    <ClInclude Include="study_staticMemberPlus.h">
      <Filter>Header Files</Filter>
    </ClInclude>
  </ItemGroup>
</Project>