<?xml version="1.0" encoding="utf-8"?>
<Project ToolsVersion="4.0" xmlns="http://schemas.microsoft.com/developer/msbuild/2003">
  <ItemGroup>
    <Filter Include="소스 파일">
      <UniqueIdentifier>{4FC737F1-C7A5-4376-A066-2A32D752A2FF}</UniqueIdentifier>
      <Extensions>cpp;c;cc;cxx;c++;cppm;ixx;def;odl;idl;hpj;bat;asm;asmx</Extensions>
    </Filter>
    <Filter Include="헤더 파일">
      <UniqueIdentifier>{93995380-89BD-4b04-88EB-625FBE52EBFB}</UniqueIdentifier>
      <Extensions>h;hh;hpp;hxx;h++;hm;inl;inc;ipp;xsd</Extensions>
    </Filter>
    <Filter Include="리소스 파일">
      <UniqueIdentifier>{67DA6AB6-F800-4c08-8B7A-83BB121AAD01}</UniqueIdentifier>
      <Extensions>rc;ico;cur;bmp;dlg;rc2;rct;bin;rgs;gif;jpg;jpeg;jpe;resx;tiff;tif;png;wav;mfcribbon-ms</Extensions>
    </Filter>
    <Filter Include="PCH">
      <UniqueIdentifier>{1ba9f9eb-f0d1-4f37-a137-19c8d1dbb01e}</UniqueIdentifier>
    </Filter>
  </ItemGroup>
  <ItemGroup>
    <ClCompile Include="Main_LinkedList.cpp">
      <Filter>소스 파일</Filter>
    </ClCompile>
    <ClCompile Include="Main_DoubleLinkedList.cpp">
      <Filter>소스 파일</Filter>
    </ClCompile>
    <ClCompile Include="Main_Stack_withSLList.cpp">
      <Filter>소스 파일</Filter>
    </ClCompile>
    <ClCompile Include="Main_CircularQueue_Array.cpp">
      <Filter>소스 파일</Filter>
    </ClCompile>
    <ClCompile Include="Main_Queue_SLList.cpp">
      <Filter>소스 파일</Filter>
    </ClCompile>
    <ClCompile Include="Main_Queue_Array.cpp">
      <Filter>소스 파일</Filter>
    </ClCompile>
    <ClCompile Include="Queue_withStack.cpp">
      <Filter>소스 파일</Filter>
    </ClCompile>
    <ClCompile Include="stdafx.cpp">
      <Filter>PCH</Filter>
    </ClCompile>
    <ClCompile Include="Main_Queue_withStack.cpp">
      <Filter>소스 파일</Filter>
    </ClCompile>
    <ClCompile Include="Stack_withSingleLinkedList.cpp">
      <Filter>소스 파일</Filter>
    </ClCompile>
    <ClCompile Include="Stack_withArray.cpp">
      <Filter>소스 파일</Filter>
    </ClCompile>
    <ClCompile Include="Main_Stack_withArray.cpp">
      <Filter>소스 파일</Filter>
    </ClCompile>
    <ClCompile Include="Stack_withQueue.cpp">
      <Filter>소스 파일</Filter>
    </ClCompile>
    <ClCompile Include="Main_Stack_withQueue.cpp">
      <Filter>소스 파일</Filter>
    </ClCompile>
    <ClCompile Include="Queue_withSingleLinkedList.cpp">
      <Filter>소스 파일</Filter>
    </ClCompile>
    <ClCompile Include="AdjacencyMatrix_Direction.cpp">
      <Filter>소스 파일</Filter>
    </ClCompile>
    <ClCompile Include="Main_AdjacencyMatrix_Direction.cpp">
      <Filter>소스 파일</Filter>
    </ClCompile>
  </ItemGroup>
  <ItemGroup>
    <ClInclude Include="SingleLinkedList.h">
      <Filter>헤더 파일</Filter>
    </ClInclude>
    <ClInclude Include="DoubleLinkedList.h">
      <Filter>헤더 파일</Filter>
    </ClInclude>
    <ClInclude Include="Stack_withSingleLinkedList.h">
      <Filter>헤더 파일</Filter>
    </ClInclude>
    <ClInclude Include="CirculatQueue_withArray.h">
      <Filter>헤더 파일</Filter>
    </ClInclude>
    <ClInclude Include="Queue_withSingleLinkedList.h">
      <Filter>헤더 파일</Filter>
    </ClInclude>
    <ClInclude Include="Queue_withArray.h">
      <Filter>헤더 파일</Filter>
    </ClInclude>
    <ClInclude Include="Queue_withStack.h">
      <Filter>헤더 파일</Filter>
    </ClInclude>
    <ClInclude Include="stdafx.h">
      <Filter>PCH</Filter>
    </ClInclude>
    <ClInclude Include="Stack_withArray.h">
      <Filter>헤더 파일</Filter>
    </ClInclude>
    <ClInclude Include="Stack_withQueue.h">
      <Filter>헤더 파일</Filter>
    </ClInclude>
    <ClInclude Include="AdjacencyMatrix_Direction.h">
      <Filter>헤더 파일</Filter>
    </ClInclude>
  </ItemGroup>
</Project>